// !$*UTF8*$!
{
	archiveVersion = 1;
	classes = {
	};
	objectVersion = 46;
	objects = {

/* Begin PBXBuildFile section */
		B03C533019FCCDDB00647439 /* WBTabBar.m in Sources */ = {isa = PBXBuildFile; fileRef = B03C532B19FCCDDB00647439 /* WBTabBar.m */; };
		B03C533119FCCDDB00647439 /* WBTabBarButton.m in Sources */ = {isa = PBXBuildFile; fileRef = B03C532D19FCCDDB00647439 /* WBTabBarButton.m */; };
		B03C533219FCCDDB00647439 /* WBBadgeButton.m in Sources */ = {isa = PBXBuildFile; fileRef = B03C532F19FCCDDB00647439 /* WBBadgeButton.m */; };
		B03C533519FCCE2700647439 /* KLTableBarController.m in Sources */ = {isa = PBXBuildFile; fileRef = B03C533419FCCE2700647439 /* KLTableBarController.m */; };
		B0A76A9519FCC5E000850748 /* main.m in Sources */ = {isa = PBXBuildFile; fileRef = B0A76A9419FCC5E000850748 /* main.m */; };
		B0A76A9819FCC5E000850748 /* AppDelegate.m in Sources */ = {isa = PBXBuildFile; fileRef = B0A76A9719FCC5E000850748 /* AppDelegate.m */; };
		B0A76A9B19FCC5E000850748 /* ViewController.m in Sources */ = {isa = PBXBuildFile; fileRef = B0A76A9A19FCC5E000850748 /* ViewController.m */; };
		B0A76A9E19FCC5E000850748 /* Main.storyboard in Resources */ = {isa = PBXBuildFile; fileRef = B0A76A9C19FCC5E000850748 /* Main.storyboard */; };
		B0A76AA019FCC5E000850748 /* Images.xcassets in Resources */ = {isa = PBXBuildFile; fileRef = B0A76A9F19FCC5E000850748 /* Images.xcassets */; };
		B0A76AA319FCC5E000850748 /* LaunchScreen.xib in Resources */ = {isa = PBXBuildFile; fileRef = B0A76AA119FCC5E000850748 /* LaunchScreen.xib */; };
		B0A76AAF19FCC5E000850748 /* KnowingLifeTests.m in Sources */ = {isa = PBXBuildFile; fileRef = B0A76AAE19FCC5E000850748 /* KnowingLifeTests.m */; };
		B0A76ABF19FCC7E100850748 /* KLNavigationController.m in Sources */ = {isa = PBXBuildFile; fileRef = B0A76ABE19FCC7E100850748 /* KLNavigationController.m */; };
		B0A76AC919FCCA0500850748 /* UIImage+WB.m in Sources */ = {isa = PBXBuildFile; fileRef = B0A76AC419FCCA0500850748 /* UIImage+WB.m */; };
		B0A76ACA19FCCA0500850748 /* UIBarButtonItem+WB.m in Sources */ = {isa = PBXBuildFile; fileRef = B0A76AC619FCCA0500850748 /* UIBarButtonItem+WB.m */; };
		B0A76ACB19FCCA0500850748 /* NSDate+WB.m in Sources */ = {isa = PBXBuildFile; fileRef = B0A76AC819FCCA0500850748 /* NSDate+WB.m */; };
/* End PBXBuildFile section */

/* Begin PBXContainerItemProxy section */
		B0A76AA919FCC5E000850748 /* PBXContainerItemProxy */ = {
			isa = PBXContainerItemProxy;
			containerPortal = B0A76A8719FCC5E000850748 /* Project object */;
			proxyType = 1;
			remoteGlobalIDString = B0A76A8E19FCC5E000850748;
			remoteInfo = KnowingLife;
		};
/* End PBXContainerItemProxy section */

/* Begin PBXFileReference section */
		B03C532A19FCCDDB00647439 /* WBTabBar.h */ = {isa = PBXFileReference; fileEncoding = 4; lastKnownFileType = sourcecode.c.h; path = WBTabBar.h; sourceTree = "<group>"; };
		B03C532B19FCCDDB00647439 /* WBTabBar.m */ = {isa = PBXFileReference; fileEncoding = 4; lastKnownFileType = sourcecode.c.objc; path = WBTabBar.m; sourceTree = "<group>"; };
		B03C532C19FCCDDB00647439 /* WBTabBarButton.h */ = {isa = PBXFileReference; fileEncoding = 4; lastKnownFileType = sourcecode.c.h; path = WBTabBarButton.h; sourceTree = "<group>"; };
		B03C532D19FCCDDB00647439 /* WBTabBarButton.m */ = {isa = PBXFileReference; fileEncoding = 4; lastKnownFileType = sourcecode.c.objc; path = WBTabBarButton.m; sourceTree = "<group>"; };
		B03C532E19FCCDDB00647439 /* WBBadgeButton.h */ = {isa = PBXFileReference; fileEncoding = 4; lastKnownFileType = sourcecode.c.h; path = WBBadgeButton.h; sourceTree = "<group>"; };
		B03C532F19FCCDDB00647439 /* WBBadgeButton.m */ = {isa = PBXFileReference; fileEncoding = 4; lastKnownFileType = sourcecode.c.objc; path = WBBadgeButton.m; sourceTree = "<group>"; };
		B03C533319FCCE2700647439 /* KLTableBarController.h */ = {isa = PBXFileReference; fileEncoding = 4; lastKnownFileType = sourcecode.c.h; path = KLTableBarController.h; sourceTree = "<group>"; };
		B03C533419FCCE2700647439 /* KLTableBarController.m */ = {isa = PBXFileReference; fileEncoding = 4; lastKnownFileType = sourcecode.c.objc; path = KLTableBarController.m; sourceTree = "<group>"; };
		B0A76A8F19FCC5E000850748 /* KnowingLife.app */ = {isa = PBXFileReference; explicitFileType = wrapper.application; includeInIndex = 0; path = KnowingLife.app; sourceTree = BUILT_PRODUCTS_DIR; };
		B0A76A9319FCC5E000850748 /* Info.plist */ = {isa = PBXFileReference; lastKnownFileType = text.plist.xml; path = Info.plist; sourceTree = "<group>"; };
		B0A76A9419FCC5E000850748 /* main.m */ = {isa = PBXFileReference; lastKnownFileType = sourcecode.c.objc; path = main.m; sourceTree = "<group>"; };
		B0A76A9619FCC5E000850748 /* AppDelegate.h */ = {isa = PBXFileReference; lastKnownFileType = sourcecode.c.h; path = AppDelegate.h; sourceTree = "<group>"; };
		B0A76A9719FCC5E000850748 /* AppDelegate.m */ = {isa = PBXFileReference; lastKnownFileType = sourcecode.c.objc; path = AppDelegate.m; sourceTree = "<group>"; };
		B0A76A9919FCC5E000850748 /* ViewController.h */ = {isa = PBXFileReference; lastKnownFileType = sourcecode.c.h; path = ViewController.h; sourceTree = "<group>"; };
		B0A76A9A19FCC5E000850748 /* ViewController.m */ = {isa = PBXFileReference; lastKnownFileType = sourcecode.c.objc; path = ViewController.m; sourceTree = "<group>"; };
		B0A76A9D19FCC5E000850748 /* Base */ = {isa = PBXFileReference; lastKnownFileType = file.storyboard; name = Base; path = Base.lproj/Main.storyboard; sourceTree = "<group>"; };
		B0A76A9F19FCC5E000850748 /* Images.xcassets */ = {isa = PBXFileReference; lastKnownFileType = folder.assetcatalog; path = Images.xcassets; sourceTree = "<group>"; };
		B0A76AA219FCC5E000850748 /* Base */ = {isa = PBXFileReference; lastKnownFileType = file.xib; name = Base; path = Base.lproj/LaunchScreen.xib; sourceTree = "<group>"; };
		B0A76AA819FCC5E000850748 /* KnowingLifeTests.xctest */ = {isa = PBXFileReference; explicitFileType = wrapper.cfbundle; includeInIndex = 0; path = KnowingLifeTests.xctest; sourceTree = BUILT_PRODUCTS_DIR; };
		B0A76AAD19FCC5E000850748 /* Info.plist */ = {isa = PBXFileReference; lastKnownFileType = text.plist.xml; path = Info.plist; sourceTree = "<group>"; };
		B0A76AAE19FCC5E000850748 /* KnowingLifeTests.m */ = {isa = PBXFileReference; lastKnownFileType = sourcecode.c.objc; path = KnowingLifeTests.m; sourceTree = "<group>"; };
		B0A76ABD19FCC7E100850748 /* KLNavigationController.h */ = {isa = PBXFileReference; fileEncoding = 4; lastKnownFileType = sourcecode.c.h; path = KLNavigationController.h; sourceTree = "<group>"; };
		B0A76ABE19FCC7E100850748 /* KLNavigationController.m */ = {isa = PBXFileReference; fileEncoding = 4; lastKnownFileType = sourcecode.c.objc; path = KLNavigationController.m; sourceTree = "<group>"; };
		B0A76AC119FCC94E00850748 /* KLComment.h */ = {isa = PBXFileReference; lastKnownFileType = sourcecode.c.h; name = KLComment.h; path = ../KLComment.h; sourceTree = "<group>"; };
		B0A76AC319FCCA0500850748 /* UIImage+WB.h */ = {isa = PBXFileReference; fileEncoding = 4; lastKnownFileType = sourcecode.c.h; path = "UIImage+WB.h"; sourceTree = "<group>"; };
		B0A76AC419FCCA0500850748 /* UIImage+WB.m */ = {isa = PBXFileReference; fileEncoding = 4; lastKnownFileType = sourcecode.c.objc; path = "UIImage+WB.m"; sourceTree = "<group>"; };
		B0A76AC519FCCA0500850748 /* UIBarButtonItem+WB.h */ = {isa = PBXFileReference; fileEncoding = 4; lastKnownFileType = sourcecode.c.h; path = "UIBarButtonItem+WB.h"; sourceTree = "<group>"; };
		B0A76AC619FCCA0500850748 /* UIBarButtonItem+WB.m */ = {isa = PBXFileReference; fileEncoding = 4; lastKnownFileType = sourcecode.c.objc; path = "UIBarButtonItem+WB.m"; sourceTree = "<group>"; };
		B0A76AC719FCCA0500850748 /* NSDate+WB.h */ = {isa = PBXFileReference; fileEncoding = 4; lastKnownFileType = sourcecode.c.h; path = "NSDate+WB.h"; sourceTree = "<group>"; };
		B0A76AC819FCCA0500850748 /* NSDate+WB.m */ = {isa = PBXFileReference; fileEncoding = 4; lastKnownFileType = sourcecode.c.objc; path = "NSDate+WB.m"; sourceTree = "<group>"; };
		B0A76ACE19FCCC3C00850748 /* KnowingLife-Prefix.pch */ = {isa = PBXFileReference; lastKnownFileType = sourcecode.c.h; path = "KnowingLife-Prefix.pch"; sourceTree = "<group>"; };
/* End PBXFileReference section */

/* Begin PBXFrameworksBuildPhase section */
		B0A76A8C19FCC5E000850748 /* Frameworks */ = {
			isa = PBXFrameworksBuildPhase;
			buildActionMask = 2147483647;
			files = (
			);
			runOnlyForDeploymentPostprocessing = 0;
		};
		B0A76AA519FCC5E000850748 /* Frameworks */ = {
			isa = PBXFrameworksBuildPhase;
			buildActionMask = 2147483647;
			files = (
			);
			runOnlyForDeploymentPostprocessing = 0;
		};
/* End PBXFrameworksBuildPhase section */

/* Begin PBXGroup section */
		B0A76A8619FCC5E000850748 = {
			isa = PBXGroup;
			children = (
				B0A76A9119FCC5E000850748 /* KnowingLife */,
				B0A76AAB19FCC5E000850748 /* KnowingLifeTests */,
				B0A76A9019FCC5E000850748 /* Products */,
			);
			sourceTree = "<group>";
		};
		B0A76A9019FCC5E000850748 /* Products */ = {
			isa = PBXGroup;
			children = (
				B0A76A8F19FCC5E000850748 /* KnowingLife.app */,
				B0A76AA819FCC5E000850748 /* KnowingLifeTests.xctest */,
			);
			name = Products;
			sourceTree = "<group>";
		};
		B0A76A9119FCC5E000850748 /* KnowingLife */ = {
			isa = PBXGroup;
			children = (
				B0A76AB819FCC79300850748 /* Class */,
				B0A76A9619FCC5E000850748 /* AppDelegate.h */,
				B0A76A9719FCC5E000850748 /* AppDelegate.m */,
				B0A76A9919FCC5E000850748 /* ViewController.h */,
				B0A76A9A19FCC5E000850748 /* ViewController.m */,
				B0A76A9C19FCC5E000850748 /* Main.storyboard */,
				B0A76A9F19FCC5E000850748 /* Images.xcassets */,
				B0A76AA119FCC5E000850748 /* LaunchScreen.xib */,
				B0A76A9219FCC5E000850748 /* Supporting Files */,
			);
			path = KnowingLife;
			sourceTree = "<group>";
		};
		B0A76A9219FCC5E000850748 /* Supporting Files */ = {
			isa = PBXGroup;
			children = (
				B0A76ACE19FCCC3C00850748 /* KnowingLife-Prefix.pch */,
				B0A76A9319FCC5E000850748 /* Info.plist */,
				B0A76A9419FCC5E000850748 /* main.m */,
			);
			name = "Supporting Files";
			sourceTree = "<group>";
		};
		B0A76AAB19FCC5E000850748 /* KnowingLifeTests */ = {
			isa = PBXGroup;
			children = (
				B0A76AAE19FCC5E000850748 /* KnowingLifeTests.m */,
				B0A76AAC19FCC5E000850748 /* Supporting Files */,
			);
			path = KnowingLifeTests;
			sourceTree = "<group>";
		};
		B0A76AAC19FCC5E000850748 /* Supporting Files */ = {
			isa = PBXGroup;
			children = (
				B0A76AAD19FCC5E000850748 /* Info.plist */,
			);
			name = "Supporting Files";
			sourceTree = "<group>";
		};
		B0A76AB819FCC79300850748 /* Class */ = {
			isa = PBXGroup;
			children = (
				B0A76ABA19FCC79300850748 /* Main */,
				B0A76AB919FCC79300850748 /* Extention */,
				B0A76AC119FCC94E00850748 /* KLComment.h */,
			);
			path = Class;
			sourceTree = "<group>";
		};
		B0A76AB919FCC79300850748 /* Extention */ = {
			isa = PBXGroup;
			children = (
				B0A76AC219FCC9DB00850748 /* Category */,
			);
			path = Extention;
			sourceTree = "<group>";
		};
		B0A76ABA19FCC79300850748 /* Main */ = {
			isa = PBXGroup;
			children = (
				B0A76ABB19FCC79300850748 /* Controller */,
				B0A76ABC19FCC79300850748 /* View */,
			);
			path = Main;
			sourceTree = "<group>";
		};
		B0A76ABB19FCC79300850748 /* Controller */ = {
			isa = PBXGroup;
			children = (
				B0A76ABD19FCC7E100850748 /* KLNavigationController.h */,
				B0A76ABE19FCC7E100850748 /* KLNavigationController.m */,
				B03C533319FCCE2700647439 /* KLTableBarController.h */,
				B03C533419FCCE2700647439 /* KLTableBarController.m */,
			);
			path = Controller;
			sourceTree = "<group>";
		};
		B0A76ABC19FCC79300850748 /* View */ = {
			isa = PBXGroup;
			children = (
				B03C532A19FCCDDB00647439 /* WBTabBar.h */,
				B03C532B19FCCDDB00647439 /* WBTabBar.m */,
				B03C532C19FCCDDB00647439 /* WBTabBarButton.h */,
				B03C532D19FCCDDB00647439 /* WBTabBarButton.m */,
				B03C532E19FCCDDB00647439 /* WBBadgeButton.h */,
				B03C532F19FCCDDB00647439 /* WBBadgeButton.m */,
			);
			path = View;
			sourceTree = "<group>";
		};
		B0A76AC219FCC9DB00850748 /* Category */ = {
			isa = PBXGroup;
			children = (
				B0A76AC319FCCA0500850748 /* UIImage+WB.h */,
				B0A76AC419FCCA0500850748 /* UIImage+WB.m */,
				B0A76AC519FCCA0500850748 /* UIBarButtonItem+WB.h */,
				B0A76AC619FCCA0500850748 /* UIBarButtonItem+WB.m */,
				B0A76AC719FCCA0500850748 /* NSDate+WB.h */,
				B0A76AC819FCCA0500850748 /* NSDate+WB.m */,
			);
			path = Category;
			sourceTree = "<group>";
		};
/* End PBXGroup section */

/* Begin PBXNativeTarget section */
		B0A76A8E19FCC5E000850748 /* KnowingLife */ = {
			isa = PBXNativeTarget;
			buildConfigurationList = B0A76AB219FCC5E000850748 /* Build configuration list for PBXNativeTarget "KnowingLife" */;
			buildPhases = (
				B0A76A8B19FCC5E000850748 /* Sources */,
				B0A76A8C19FCC5E000850748 /* Frameworks */,
				B0A76A8D19FCC5E000850748 /* Resources */,
			);
			buildRules = (
			);
			dependencies = (
			);
			name = KnowingLife;
			productName = KnowingLife;
			productReference = B0A76A8F19FCC5E000850748 /* KnowingLife.app */;
			productType = "com.apple.product-type.application";
		};
		B0A76AA719FCC5E000850748 /* KnowingLifeTests */ = {
			isa = PBXNativeTarget;
			buildConfigurationList = B0A76AB519FCC5E000850748 /* Build configuration list for PBXNativeTarget "KnowingLifeTests" */;
			buildPhases = (
				B0A76AA419FCC5E000850748 /* Sources */,
				B0A76AA519FCC5E000850748 /* Frameworks */,
				B0A76AA619FCC5E000850748 /* Resources */,
			);
			buildRules = (
			);
			dependencies = (
				B0A76AAA19FCC5E000850748 /* PBXTargetDependency */,
			);
			name = KnowingLifeTests;
			productName = KnowingLifeTests;
			productReference = B0A76AA819FCC5E000850748 /* KnowingLifeTests.xctest */;
			productType = "com.apple.product-type.bundle.unit-test";
		};
/* End PBXNativeTarget section */

/* Begin PBXProject section */
		B0A76A8719FCC5E000850748 /* Project object */ = {
			isa = PBXProject;
			attributes = {
				LastUpgradeCheck = 0610;
				ORGANIZATIONNAME = tany;
				TargetAttributes = {
					B0A76A8E19FCC5E000850748 = {
						CreatedOnToolsVersion = 6.1;
					};
					B0A76AA719FCC5E000850748 = {
						CreatedOnToolsVersion = 6.1;
						TestTargetID = B0A76A8E19FCC5E000850748;
					};
				};
			};
			buildConfigurationList = B0A76A8A19FCC5E000850748 /* Build configuration list for PBXProject "KnowingLife" */;
			compatibilityVersion = "Xcode 3.2";
			developmentRegion = English;
			hasScannedForEncodings = 0;
			knownRegions = (
				en,
				Base,
			);
			mainGroup = B0A76A8619FCC5E000850748;
			productRefGroup = B0A76A9019FCC5E000850748 /* Products */;
			projectDirPath = "";
			projectRoot = "";
			targets = (
				B0A76A8E19FCC5E000850748 /* KnowingLife */,
				B0A76AA719FCC5E000850748 /* KnowingLifeTests */,
			);
		};
/* End PBXProject section */

/* Begin PBXResourcesBuildPhase section */
		B0A76A8D19FCC5E000850748 /* Resources */ = {
			isa = PBXResourcesBuildPhase;
			buildActionMask = 2147483647;
			files = (
				B0A76A9E19FCC5E000850748 /* Main.storyboard in Resources */,
				B0A76AA319FCC5E000850748 /* LaunchScreen.xib in Resources */,
				B0A76AA019FCC5E000850748 /* Images.xcassets in Resources */,
			);
			runOnlyForDeploymentPostprocessing = 0;
		};
		B0A76AA619FCC5E000850748 /* Resources */ = {
			isa = PBXResourcesBuildPhase;
			buildActionMask = 2147483647;
			files = (
			);
			runOnlyForDeploymentPostprocessing = 0;
		};
/* End PBXResourcesBuildPhase section */

/* Begin PBXSourcesBuildPhase section */
		B0A76A8B19FCC5E000850748 /* Sources */ = {
			isa = PBXSourcesBuildPhase;
			buildActionMask = 2147483647;
			files = (
				B0A76ACB19FCCA0500850748 /* NSDate+WB.m in Sources */,
				B0A76A9B19FCC5E000850748 /* ViewController.m in Sources */,
				B03C533019FCCDDB00647439 /* WBTabBar.m in Sources */,
				B0A76AC919FCCA0500850748 /* UIImage+WB.m in Sources */,
				B03C533219FCCDDB00647439 /* WBBadgeButton.m in Sources */,
				B0A76A9819FCC5E000850748 /* AppDelegate.m in Sources */,
				B0A76ACA19FCCA0500850748 /* UIBarButtonItem+WB.m in Sources */,
				B03C533519FCCE2700647439 /* KLTableBarController.m in Sources */,
				B0A76ABF19FCC7E100850748 /* KLNavigationController.m in Sources */,
				B0A76A9519FCC5E000850748 /* main.m in Sources */,
				B03C533119FCCDDB00647439 /* WBTabBarButton.m in Sources */,
			);
			runOnlyForDeploymentPostprocessing = 0;
		};
		B0A76AA419FCC5E000850748 /* Sources */ = {
			isa = PBXSourcesBuildPhase;
			buildActionMask = 2147483647;
			files = (
				B0A76AAF19FCC5E000850748 /* KnowingLifeTests.m in Sources */,
			);
			runOnlyForDeploymentPostprocessing = 0;
		};
/* End PBXSourcesBuildPhase section */

/* Begin PBXTargetDependency section */
		B0A76AAA19FCC5E000850748 /* PBXTargetDependency */ = {
			isa = PBXTargetDependency;
			target = B0A76A8E19FCC5E000850748 /* KnowingLife */;
			targetProxy = B0A76AA919FCC5E000850748 /* PBXContainerItemProxy */;
		};
/* End PBXTargetDependency section */

/* Begin PBXVariantGroup section */
		B0A76A9C19FCC5E000850748 /* Main.storyboard */ = {
			isa = PBXVariantGroup;
			children = (
				B0A76A9D19FCC5E000850748 /* Base */,
			);
			name = Main.storyboard;
			sourceTree = "<group>";
		};
		B0A76AA119FCC5E000850748 /* LaunchScreen.xib */ = {
			isa = PBXVariantGroup;
			children = (
				B0A76AA219FCC5E000850748 /* Base */,
			);
			name = LaunchScreen.xib;
			sourceTree = "<group>";
		};
/* End PBXVariantGroup section */

/* Begin XCBuildConfiguration section */
		B0A76AB019FCC5E000850748 /* Debug */ = {
			isa = XCBuildConfiguration;
			buildSettings = {
				ALWAYS_SEARCH_USER_PATHS = NO;
				CLANG_CXX_LANGUAGE_STANDARD = "gnu++0x";
				CLANG_CXX_LIBRARY = "libc++";
				CLANG_ENABLE_MODULES = YES;
				CLANG_ENABLE_OBJC_ARC = YES;
				CLANG_WARN_BOOL_CONVERSION = YES;
				CLANG_WARN_CONSTANT_CONVERSION = YES;
				CLANG_WARN_DIRECT_OBJC_ISA_USAGE = YES_ERROR;
				CLANG_WARN_EMPTY_BODY = YES;
				CLANG_WARN_ENUM_CONVERSION = YES;
				CLANG_WARN_INT_CONVERSION = YES;
				CLANG_WARN_OBJC_ROOT_CLASS = YES_ERROR;
				CLANG_WARN_UNREACHABLE_CODE = YES;
				CLANG_WARN__DUPLICATE_METHOD_MATCH = YES;
				"CODE_SIGN_IDENTITY[sdk=iphoneos*]" = "iPhone Developer";
				COPY_PHASE_STRIP = NO;
				ENABLE_STRICT_OBJC_MSGSEND = YES;
				GCC_C_LANGUAGE_STANDARD = gnu99;
				GCC_DYNAMIC_NO_PIC = NO;
				GCC_OPTIMIZATION_LEVEL = 0;
				GCC_PREPROCESSOR_DEFINITIONS = (
					"DEBUG=1",
					"$(inherited)",
				);
				GCC_SYMBOLS_PRIVATE_EXTERN = NO;
				GCC_WARN_64_TO_32_BIT_CONVERSION = YES;
				GCC_WARN_ABOUT_RETURN_TYPE = YES_ERROR;
				GCC_WARN_UNDECLARED_SELECTOR = YES;
				GCC_WARN_UNINITIALIZED_AUTOS = YES_AGGRESSIVE;
				GCC_WARN_UNUSED_FUNCTION = YES;
				GCC_WARN_UNUSED_VARIABLE = YES;
				IPHONEOS_DEPLOYMENT_TARGET = 8.1;
				MTL_ENABLE_DEBUG_INFO = YES;
				ONLY_ACTIVE_ARCH = YES;
				SDKROOT = iphoneos;
			};
			name = Debug;
		};
		B0A76AB119FCC5E000850748 /* Release */ = {
			isa = XCBuildConfiguration;
			buildSettings = {
				ALWAYS_SEARCH_USER_PATHS = NO;
				CLANG_CXX_LANGUAGE_STANDARD = "gnu++0x";
				CLANG_CXX_LIBRARY = "libc++";
				CLANG_ENABLE_MODULES = YES;
				CLANG_ENABLE_OBJC_ARC = YES;
				CLANG_WARN_BOOL_CONVERSION = YES;
				CLANG_WARN_CONSTANT_CONVERSION = YES;
				CLANG_WARN_DIRECT_OBJC_ISA_USAGE = YES_ERROR;
				CLANG_WARN_EMPTY_BODY = YES;
				CLANG_WARN_ENUM_CONVERSION = YES;
				CLANG_WARN_INT_CONVERSION = YES;
				CLANG_WARN_OBJC_ROOT_CLASS = YES_ERROR;
				CLANG_WARN_UNREACHABLE_CODE = YES;
				CLANG_WARN__DUPLICATE_METHOD_MATCH = YES;
				"CODE_SIGN_IDENTITY[sdk=iphoneos*]" = "iPhone Developer";
				COPY_PHASE_STRIP = YES;
				ENABLE_NS_ASSERTIONS = NO;
				ENABLE_STRICT_OBJC_MSGSEND = YES;
				GCC_C_LANGUAGE_STANDARD = gnu99;
				GCC_WARN_64_TO_32_BIT_CONVERSION = YES;
				GCC_WARN_ABOUT_RETURN_TYPE = YES_ERROR;
				GCC_WARN_UNDECLARED_SELECTOR = YES;
				GCC_WARN_UNINITIALIZED_AUTOS = YES_AGGRESSIVE;
				GCC_WARN_UNUSED_FUNCTION = YES;
				GCC_WARN_UNUSED_VARIABLE = YES;
				IPHONEOS_DEPLOYMENT_TARGET = 8.1;
				MTL_ENABLE_DEBUG_INFO = NO;
				SDKROOT = iphoneos;
				VALIDATE_PRODUCT = YES;
			};
			name = Release;
		};
		B0A76AB319FCC5E000850748 /* Debug */ = {
			isa = XCBuildConfiguration;
			buildSettings = {
				ASSETCATALOG_COMPILER_APPICON_NAME = AppIcon;
				ASSETCATALOG_COMPILER_LAUNCHIMAGE_NAME = LaunchImage;
				GCC_PRECOMPILE_PREFIX_HEADER = YES;
				GCC_PREFIX_HEADER = "$(SRCROOT)/KnowingLife/KnowingLife-Prefix.pch";
				INFOPLIST_FILE = KnowingLife/Info.plist;
				IPHONEOS_DEPLOYMENT_TARGET = 7.1;
				LD_RUNPATH_SEARCH_PATHS = "$(inherited) @executable_path/Frameworks";
				PRODUCT_NAME = "$(TARGET_NAME)";
			};
			name = Debug;
		};
		B0A76AB419FCC5E000850748 /* Release */ = {
			isa = XCBuildConfiguration;
			buildSettings = {
				ASSETCATALOG_COMPILER_APPICON_NAME = AppIcon;
				ASSETCATALOG_COMPILER_LAUNCHIMAGE_NAME = LaunchImage;
				GCC_PRECOMPILE_PREFIX_HEADER = YES;
				GCC_PREFIX_HEADER = "$(SRCROOT)/KnowingLife/KnowingLife-Prefix.pch";
				INFOPLIST_FILE = KnowingLife/Info.plist;
				IPHONEOS_DEPLOYMENT_TARGET = 7.1;
				LD_RUNPATH_SEARCH_PATHS = "$(inherited) @executable_path/Frameworks";
				PRODUCT_NAME = "$(TARGET_NAME)";
			};
			name = Release;
		};
		B0A76AB619FCC5E000850748 /* Debug */ = {
			isa = XCBuildConfiguration;
			buildSettings = {
				BUNDLE_LOADER = "$(TEST_HOST)";
				FRAMEWORK_SEARCH_PATHS = (
					"$(SDKROOT)/Developer/Library/Frameworks",
					"$(inherited)",
				);
				GCC_PREPROCESSOR_DEFINITIONS = (
					"DEBUG=1",
					"$(inherited)",
				);
				INFOPLIST_FILE = KnowingLifeTests/Info.plist;
				LD_RUNPATH_SEARCH_PATHS = "$(inherited) @executable_path/Frameworks @loader_path/Frameworks";
				PRODUCT_NAME = "$(TARGET_NAME)";
				TEST_HOST = "$(BUILT_PRODUCTS_DIR)/KnowingLife.app/KnowingLife";
			};
			name = Debug;
		};
		B0A76AB719FCC5E000850748 /* Release */ = {
			isa = XCBuildConfiguration;
			buildSettings = {
				BUNDLE_LOADER = "$(TEST_HOST)";
				FRAMEWORK_SEARCH_PATHS = (
					"$(SDKROOT)/Developer/Library/Frameworks",
					"$(inherited)",
				);
				INFOPLIST_FILE = KnowingLifeTests/Info.plist;
				LD_RUNPATH_SEARCH_PATHS = "$(inherited) @executable_path/Frameworks @loader_path/Frameworks";
				PRODUCT_NAME = "$(TARGET_NAME)";
				TEST_HOST = "$(BUILT_PRODUCTS_DIR)/KnowingLife.app/KnowingLife";
			};
			name = Release;
		};
/* End XCBuildConfiguration section */

/* Begin XCConfigurationList section */
		B0A76A8A19FCC5E000850748 /* Build configuration list for PBXProject "KnowingLife" */ = {
			isa = XCConfigurationList;
			buildConfigurations = (
				B0A76AB019FCC5E000850748 /* Debug */,
				B0A76AB119FCC5E000850748 /* Release */,
			);
			defaultConfigurationIsVisible = 0;
			defaultConfigurationName = Release;
		};
		B0A76AB219FCC5E000850748 /* Build configuration list for PBXNativeTarget "KnowingLife" */ = {
			isa = XCConfigurationList;
			buildConfigurations = (
				B0A76AB319FCC5E000850748 /* Debug */,
				B0A76AB419FCC5E000850748 /* Release */,
			);
			defaultConfigurationIsVisible = 0;
			defaultConfigurationName = Release;
		};
		B0A76AB519FCC5E000850748 /* Build configuration list for PBXNativeTarget "KnowingLifeTests" */ = {
			isa = XCConfigurationList;
			buildConfigurations = (
				B0A76AB619FCC5E000850748 /* Debug */,
				B0A76AB719FCC5E000850748 /* Release */,
			);
			defaultConfigurationIsVisible = 0;
			defaultConfigurationName = Release;
		};
/* End XCConfigurationList section */
	};
	rootObject = B0A76A8719FCC5E000850748 /* Project object */;
}
